PODS:
  - Alamofire (4.7.3)
  - AlamofireObjectMapper (5.1.0):
    - Alamofire (~> 4.1)
    - ObjectMapper (~> 3.3)
  - Nimble (7.3.1)
  - ObjectMapper (3.3.0)
  - "ObjectMapper+Realm (0.6)":
    - ObjectMapper
    - RealmSwift
  - ObjectMapperAdditions/Core (4.2.1):
    - ObjectMapper
  - ObjectMapperAdditions/Realm (4.2.1):
    - ObjectMapper
    - ObjectMapperAdditions/Core
    - RealmSwift
  - Quick (1.3.2)
  - Realm (3.11.0):
    - Realm/Headers (= 3.11.0)
  - Realm/Headers (3.11.0)
  - RealmSwift (3.11.0):
    - Realm (= 3.11.0)
  - Swinject (2.5.0)
  - SwinjectStoryboard (2.1.0):
    - Swinject (~> 2.5)

DEPENDENCIES:
  - Alamofire
  - AlamofireObjectMapper
  - Nimble
  - ObjectMapper
  - "ObjectMapper+Realm"
  - ObjectMapperAdditions/Realm
  - Quick
  - RealmSwift
  - Swinject
  - SwinjectStoryboard

SPEC REPOS:
  https://github.com/cocoapods/specs.git:
    - Alamofire
    - AlamofireObjectMapper
    - Nimble
    - ObjectMapper
    - "ObjectMapper+Realm"
    - ObjectMapperAdditions
    - Quick
    - Realm
    - RealmSwift
    - Swinject
    - SwinjectStoryboard

SPEC CHECKSUMS:
  Alamofire: c7287b6e5d7da964a70935e5db17046b7fde6568
  AlamofireObjectMapper: 3395e698901d8b0e6f48b7d0c43bd47875325102
  Nimble: 04f732da099ea4d153122aec8c2a88fd0c7219ae
  ObjectMapper: b612bf8c8e99c4dc0bb6013a51f7c27966ed5da9
  "ObjectMapper+Realm": 4cf44ed3202a73f08594e21e13eb3f8aa9b5a664
  ObjectMapperAdditions: e11586bce98cf1090a36c24d4628ae5720a95d85
  Quick: 2623cb30d7a7f41ca62f684f679586558f483d46
  Realm: 92f09a102692b96a9a10e9617f214f15c5ab85fc
  RealmSwift: 5f0481cd658bb751c509314b964a35eaa264d2cf
  Swinject: 82cdb851f63f91bba974e3eca1d69780f2f7677e
  SwinjectStoryboard: 688f096033103e66ffcf6ca678211acd7d7be505

PODFILE CHECKSUM: 587c4eafcda82f7ac12bc99225989ea65a69e8f6

COCOAPODS: 1.5.3
